// !$*UTF8*$!
{
	archiveVersion = 1;
	classes = {
	};
	objectVersion = 56;
	objects = {

/* Begin PBXBuildFile section */
		8301EF7F1D63237B57E82325 /* Pods_VirtualPaymentService.framework in Frameworks */ = {isa = PBXBuildFile; fileRef = 8BDE3A745D644738B3EFC8A4 /* Pods_VirtualPaymentService.framework */; };
		B106B98F2BE4FFCB002E606F /* EnumColorScheme.swift in Sources */ = {isa = PBXBuildFile; fileRef = B106B98E2BE4FFCB002E606F /* EnumColorScheme.swift */; };
		B106B9942BE501FD002E606F /* TopView.swift in Sources */ = {isa = PBXBuildFile; fileRef = B106B9932BE501FD002E606F /* TopView.swift */; };
		B106B9962BE50BFA002E606F /* TopLables.swift in Sources */ = {isa = PBXBuildFile; fileRef = B106B9952BE50BFA002E606F /* TopLables.swift */; };
		B106B9992BE51CC7002E606F /* CollectionCell.swift in Sources */ = {isa = PBXBuildFile; fileRef = B106B9982BE51CC7002E606F /* CollectionCell.swift */; };
		B11B58402BE7A2FB00EC7272 /* Poppins-Bold.ttf in Resources */ = {isa = PBXBuildFile; fileRef = B11B583E2BE7A2FB00EC7272 /* Poppins-Bold.ttf */; };
		B11B58412BE7A2FB00EC7272 /* Poppins-Regular.ttf in Resources */ = {isa = PBXBuildFile; fileRef = B11B583F2BE7A2FB00EC7272 /* Poppins-Regular.ttf */; };
		B11B58442BE7F37C00EC7272 /* SwitchView.swift in Sources */ = {isa = PBXBuildFile; fileRef = B11B58432BE7F37C00EC7272 /* SwitchView.swift */; };
		B183C7CF2BE2A92C0027A126 /* LoadingIndicator.swift in Sources */ = {isa = PBXBuildFile; fileRef = B183C7CE2BE2A92C0027A126 /* LoadingIndicator.swift */; };
		B183C7D12BE2D3070027A126 /* FrameFourVC.swift in Sources */ = {isa = PBXBuildFile; fileRef = B183C7D02BE2D3070027A126 /* FrameFourVC.swift */; };
		B1DB1A832BE81CD20071FA5C /* CustomColors.swift in Sources */ = {isa = PBXBuildFile; fileRef = B1DB1A822BE81CD20071FA5C /* CustomColors.swift */; };
		B1DECEDE2BE61B5900A81C03 /* CardView.swift in Sources */ = {isa = PBXBuildFile; fileRef = B1DECEDD2BE61B5900A81C03 /* CardView.swift */; };
		B1EB24B22BE67F0200DCF22A /* GradientView.swift in Sources */ = {isa = PBXBuildFile; fileRef = B1EB24B12BE67F0200DCF22A /* GradientView.swift */; };
		B1F8AAEE2BE249460022741A /* AppDelegate.swift in Sources */ = {isa = PBXBuildFile; fileRef = B1F8AAED2BE249460022741A /* AppDelegate.swift */; };
		B1F8AAF02BE249460022741A /* SceneDelegate.swift in Sources */ = {isa = PBXBuildFile; fileRef = B1F8AAEF2BE249460022741A /* SceneDelegate.swift */; };
		B1F8AAF22BE249460022741A /* ViewController.swift in Sources */ = {isa = PBXBuildFile; fileRef = B1F8AAF12BE249460022741A /* ViewController.swift */; };
		B1F8AAF52BE249460022741A /* Main.storyboard in Resources */ = {isa = PBXBuildFile; fileRef = B1F8AAF32BE249460022741A /* Main.storyboard */; };
		B1F8AAF72BE249480022741A /* Assets.xcassets in Resources */ = {isa = PBXBuildFile; fileRef = B1F8AAF62BE249480022741A /* Assets.xcassets */; };
		B1F8AAFA2BE249480022741A /* LaunchScreen.storyboard in Resources */ = {isa = PBXBuildFile; fileRef = B1F8AAF82BE249480022741A /* LaunchScreen.storyboard */; };
/* End PBXBuildFile section */

/* Begin PBXFileReference section */
		70E6818D5867110FAC97691A /* Pods-VirtualPaymentService.debug.xcconfig */ = {isa = PBXFileReference; includeInIndex = 1; lastKnownFileType = text.xcconfig; name = "Pods-VirtualPaymentService.debug.xcconfig"; path = "Target Support Files/Pods-VirtualPaymentService/Pods-VirtualPaymentService.debug.xcconfig"; sourceTree = "<group>"; };
		7851FCF172775F1B04B7E7E8 /* Pods-VirtualPaymentService.release.xcconfig */ = {isa = PBXFileReference; includeInIndex = 1; lastKnownFileType = text.xcconfig; name = "Pods-VirtualPaymentService.release.xcconfig"; path = "Target Support Files/Pods-VirtualPaymentService/Pods-VirtualPaymentService.release.xcconfig"; sourceTree = "<group>"; };
		8BDE3A745D644738B3EFC8A4 /* Pods_VirtualPaymentService.framework */ = {isa = PBXFileReference; explicitFileType = wrapper.framework; includeInIndex = 0; path = Pods_VirtualPaymentService.framework; sourceTree = BUILT_PRODUCTS_DIR; };
		B106B98E2BE4FFCB002E606F /* EnumColorScheme.swift */ = {isa = PBXFileReference; lastKnownFileType = sourcecode.swift; path = EnumColorScheme.swift; sourceTree = "<group>"; };
		B106B9932BE501FD002E606F /* TopView.swift */ = {isa = PBXFileReference; lastKnownFileType = sourcecode.swift; path = TopView.swift; sourceTree = "<group>"; };
		B106B9952BE50BFA002E606F /* TopLables.swift */ = {isa = PBXFileReference; lastKnownFileType = sourcecode.swift; path = TopLables.swift; sourceTree = "<group>"; };
		B106B9982BE51CC7002E606F /* CollectionCell.swift */ = {isa = PBXFileReference; lastKnownFileType = sourcecode.swift; path = CollectionCell.swift; sourceTree = "<group>"; };
		B11B583E2BE7A2FB00EC7272 /* Poppins-Bold.ttf */ = {isa = PBXFileReference; lastKnownFileType = file; path = "Poppins-Bold.ttf"; sourceTree = "<group>"; };
		B11B583F2BE7A2FB00EC7272 /* Poppins-Regular.ttf */ = {isa = PBXFileReference; lastKnownFileType = file; path = "Poppins-Regular.ttf"; sourceTree = "<group>"; };
		B11B58432BE7F37C00EC7272 /* SwitchView.swift */ = {isa = PBXFileReference; lastKnownFileType = sourcecode.swift; path = SwitchView.swift; sourceTree = "<group>"; };
		B183C7CE2BE2A92C0027A126 /* LoadingIndicator.swift */ = {isa = PBXFileReference; lastKnownFileType = sourcecode.swift; path = LoadingIndicator.swift; sourceTree = "<group>"; };
		B183C7D02BE2D3070027A126 /* FrameFourVC.swift */ = {isa = PBXFileReference; lastKnownFileType = sourcecode.swift; path = FrameFourVC.swift; sourceTree = "<group>"; };
		B1DB1A822BE81CD20071FA5C /* CustomColors.swift */ = {isa = PBXFileReference; lastKnownFileType = sourcecode.swift; path = CustomColors.swift; sourceTree = "<group>"; };
		B1DECEDD2BE61B5900A81C03 /* CardView.swift */ = {isa = PBXFileReference; lastKnownFileType = sourcecode.swift; path = CardView.swift; sourceTree = "<group>"; };
		B1EB24B12BE67F0200DCF22A /* GradientView.swift */ = {isa = PBXFileReference; lastKnownFileType = sourcecode.swift; path = GradientView.swift; sourceTree = "<group>"; };
		B1F8AAEA2BE249460022741A /* VirtualPaymentService.app */ = {isa = PBXFileReference; explicitFileType = wrapper.application; includeInIndex = 0; path = VirtualPaymentService.app; sourceTree = BUILT_PRODUCTS_DIR; };
		B1F8AAED2BE249460022741A /* AppDelegate.swift */ = {isa = PBXFileReference; lastKnownFileType = sourcecode.swift; path = AppDelegate.swift; sourceTree = "<group>"; };
		B1F8AAEF2BE249460022741A /* SceneDelegate.swift */ = {isa = PBXFileReference; lastKnownFileType = sourcecode.swift; path = SceneDelegate.swift; sourceTree = "<group>"; };
		B1F8AAF12BE249460022741A /* ViewController.swift */ = {isa = PBXFileReference; lastKnownFileType = sourcecode.swift; path = ViewController.swift; sourceTree = "<group>"; };
		B1F8AAF42BE249460022741A /* Base */ = {isa = PBXFileReference; lastKnownFileType = file.storyboard; name = Base; path = Base.lproj/Main.storyboard; sourceTree = "<group>"; };
		B1F8AAF62BE249480022741A /* Assets.xcassets */ = {isa = PBXFileReference; lastKnownFileType = folder.assetcatalog; path = Assets.xcassets; sourceTree = "<group>"; };
		B1F8AAF92BE249480022741A /* Base */ = {isa = PBXFileReference; lastKnownFileType = file.storyboard; name = Base; path = Base.lproj/LaunchScreen.storyboard; sourceTree = "<group>"; };
		B1F8AAFB2BE249480022741A /* Info.plist */ = {isa = PBXFileReference; lastKnownFileType = text.plist.xml; path = Info.plist; sourceTree = "<group>"; };
/* End PBXFileReference section */

/* Begin PBXFrameworksBuildPhase section */
		B1F8AAE72BE249460022741A /* Frameworks */ = {
			isa = PBXFrameworksBuildPhase;
			buildActionMask = 2147483647;
			files = (
				8301EF7F1D63237B57E82325 /* Pods_VirtualPaymentService.framework in Frameworks */,
			);
			runOnlyForDeploymentPostprocessing = 0;
		};
/* End PBXFrameworksBuildPhase section */

/* Begin PBXGroup section */
		6E64D8198F282B475E987B07 /* Pods */ = {
			isa = PBXGroup;
			children = (
				70E6818D5867110FAC97691A /* Pods-VirtualPaymentService.debug.xcconfig */,
				7851FCF172775F1B04B7E7E8 /* Pods-VirtualPaymentService.release.xcconfig */,
			);
			path = Pods;
			sourceTree = "<group>";
		};
		B106B9902BE50040002E606F /* Preloader */ = {
			isa = PBXGroup;
			children = (
				B1F8AAF12BE249460022741A /* ViewController.swift */,
				B183C7CE2BE2A92C0027A126 /* LoadingIndicator.swift */,
			);
			path = Preloader;
			sourceTree = "<group>";
		};
		B106B9912BE5005E002E606F /* FrameFour */ = {
			isa = PBXGroup;
			children = (
				B183C7D02BE2D3070027A126 /* FrameFourVC.swift */,
			);
			path = FrameFour;
			sourceTree = "<group>";
		};
		B106B9922BE501C7002E606F /* CustomView */ = {
			isa = PBXGroup;
			children = (
				B106B9932BE501FD002E606F /* TopView.swift */,
				B106B9952BE50BFA002E606F /* TopLables.swift */,
				B1DECEDD2BE61B5900A81C03 /* CardView.swift */,
				B1EB24B12BE67F0200DCF22A /* GradientView.swift */,
				B11B58432BE7F37C00EC7272 /* SwitchView.swift */,
			);
			path = CustomView;
			sourceTree = "<group>";
		};
		B106B9972BE51C91002E606F /* Cell */ = {
			isa = PBXGroup;
			children = (
				B106B9982BE51CC7002E606F /* CollectionCell.swift */,
			);
			path = Cell;
			sourceTree = "<group>";
		};
		B11B58422BE7A30B00EC7272 /* CustomFontAndColor */ = {
			isa = PBXGroup;
			children = (
				B11B583E2BE7A2FB00EC7272 /* Poppins-Bold.ttf */,
				B11B583F2BE7A2FB00EC7272 /* Poppins-Regular.ttf */,
				B1DB1A822BE81CD20071FA5C /* CustomColors.swift */,
			);
			path = CustomFontAndColor;
			sourceTree = "<group>";
		};
		B1F8AAE12BE249460022741A = {
			isa = PBXGroup;
			children = (
				B1F8AAEC2BE249460022741A /* VirtualPaymentService */,
				B1F8AAEB2BE249460022741A /* Products */,
				6E64D8198F282B475E987B07 /* Pods */,
				E98FDE12AA5255B7F6B3A323 /* Frameworks */,
			);
			sourceTree = "<group>";
		};
		B1F8AAEB2BE249460022741A /* Products */ = {
			isa = PBXGroup;
			children = (
				B1F8AAEA2BE249460022741A /* VirtualPaymentService.app */,
			);
			name = Products;
			sourceTree = "<group>";
		};
		B1F8AAEC2BE249460022741A /* VirtualPaymentService */ = {
			isa = PBXGroup;
			children = (
				B11B58422BE7A30B00EC7272 /* CustomFontAndColor */,
				B106B9972BE51C91002E606F /* Cell */,
				B106B9922BE501C7002E606F /* CustomView */,
				B106B9912BE5005E002E606F /* FrameFour */,
				B106B9902BE50040002E606F /* Preloader */,
				B1F8AAED2BE249460022741A /* AppDelegate.swift */,
				B1F8AAEF2BE249460022741A /* SceneDelegate.swift */,
				B1F8AAF32BE249460022741A /* Main.storyboard */,
				B1F8AAF62BE249480022741A /* Assets.xcassets */,
				B106B98E2BE4FFCB002E606F /* EnumColorScheme.swift */,
				B1F8AAF82BE249480022741A /* LaunchScreen.storyboard */,
				B1F8AAFB2BE249480022741A /* Info.plist */,
			);
			path = VirtualPaymentService;
			sourceTree = "<group>";
		};
		E98FDE12AA5255B7F6B3A323 /* Frameworks */ = {
			isa = PBXGroup;
			children = (
				8BDE3A745D644738B3EFC8A4 /* Pods_VirtualPaymentService.framework */,
			);
			name = Frameworks;
			sourceTree = "<group>";
		};
/* End PBXGroup section */

/* Begin PBXNativeTarget section */
		B1F8AAE92BE249460022741A /* VirtualPaymentService */ = {
			isa = PBXNativeTarget;
			buildConfigurationList = B1F8AAFE2BE249480022741A /* Build configuration list for PBXNativeTarget "VirtualPaymentService" */;
			buildPhases = (
				FE1B412DF80FE5A3AFFDFAA9 /* [CP] Check Pods Manifest.lock */,
				B1F8AAE62BE249460022741A /* Sources */,
				B1F8AAE72BE249460022741A /* Frameworks */,
				B1F8AAE82BE249460022741A /* Resources */,
				6002D395660F69003D464B78 /* [CP] Embed Pods Frameworks */,
			);
			buildRules = (
			);
			dependencies = (
			);
			name = VirtualPaymentService;
			productName = VirtualPaymentService;
			productReference = B1F8AAEA2BE249460022741A /* VirtualPaymentService.app */;
			productType = "com.apple.product-type.application";
		};
/* End PBXNativeTarget section */

/* Begin PBXProject section */
		B1F8AAE22BE249460022741A /* Project object */ = {
			isa = PBXProject;
			attributes = {
				BuildIndependentTargetsInParallel = 1;
				LastSwiftUpdateCheck = 1430;
				LastUpgradeCheck = 1430;
				TargetAttributes = {
					B1F8AAE92BE249460022741A = {
						CreatedOnToolsVersion = 14.3.1;
					};
				};
			};
			buildConfigurationList = B1F8AAE52BE249460022741A /* Build configuration list for PBXProject "VirtualPaymentService" */;
			compatibilityVersion = "Xcode 14.0";
			developmentRegion = en;
			hasScannedForEncodings = 0;
			knownRegions = (
				en,
				Base,
			);
			mainGroup = B1F8AAE12BE249460022741A;
			productRefGroup = B1F8AAEB2BE249460022741A /* Products */;
			projectDirPath = "";
			projectRoot = "";
			targets = (
				B1F8AAE92BE249460022741A /* VirtualPaymentService */,
			);
		};
/* End PBXProject section */

/* Begin PBXResourcesBuildPhase section */
		B1F8AAE82BE249460022741A /* Resources */ = {
			isa = PBXResourcesBuildPhase;
			buildActionMask = 2147483647;
			files = (
				B1F8AAFA2BE249480022741A /* LaunchScreen.storyboard in Resources */,
				B1F8AAF72BE249480022741A /* Assets.xcassets in Resources */,
				B1F8AAF52BE249460022741A /* Main.storyboard in Resources */,
				B11B58402BE7A2FB00EC7272 /* Poppins-Bold.ttf in Resources */,
				B11B58412BE7A2FB00EC7272 /* Poppins-Regular.ttf in Resources */,
			);
			runOnlyForDeploymentPostprocessing = 0;
		};
/* End PBXResourcesBuildPhase section */

/* Begin PBXShellScriptBuildPhase section */
		6002D395660F69003D464B78 /* [CP] Embed Pods Frameworks */ = {
			isa = PBXShellScriptBuildPhase;
			buildActionMask = 2147483647;
			files = (
			);
			inputFileListPaths = (
				"${PODS_ROOT}/Target Support Files/Pods-VirtualPaymentService/Pods-VirtualPaymentService-frameworks-${CONFIGURATION}-input-files.xcfilelist",
			);
			name = "[CP] Embed Pods Frameworks";
			outputFileListPaths = (
				"${PODS_ROOT}/Target Support Files/Pods-VirtualPaymentService/Pods-VirtualPaymentService-frameworks-${CONFIGURATION}-output-files.xcfilelist",
			);
			runOnlyForDeploymentPostprocessing = 0;
			shellPath = /bin/sh;
			shellScript = "\"${PODS_ROOT}/Target Support Files/Pods-VirtualPaymentService/Pods-VirtualPaymentService-frameworks.sh\"\n";
			showEnvVarsInLog = 0;
		};
		FE1B412DF80FE5A3AFFDFAA9 /* [CP] Check Pods Manifest.lock */ = {
			isa = PBXShellScriptBuildPhase;
			buildActionMask = 2147483647;
			files = (
			);
			inputFileListPaths = (
			);
			inputPaths = (
				"${PODS_PODFILE_DIR_PATH}/Podfile.lock",
				"${PODS_ROOT}/Manifest.lock",
			);
			name = "[CP] Check Pods Manifest.lock";
			outputFileListPaths = (
			);
			outputPaths = (
				"$(DERIVED_FILE_DIR)/Pods-VirtualPaymentService-checkManifestLockResult.txt",
			);
			runOnlyForDeploymentPostprocessing = 0;
			shellPath = /bin/sh;
			shellScript = "diff \"${PODS_PODFILE_DIR_PATH}/Podfile.lock\" \"${PODS_ROOT}/Manifest.lock\" > /dev/null\nif [ $? != 0 ] ; then\n    # print error to STDERR\n    echo \"error: The sandbox is not in sync with the Podfile.lock. Run 'pod install' or update your CocoaPods installation.\" >&2\n    exit 1\nfi\n# This output is used by Xcode 'outputs' to avoid re-running this script phase.\necho \"SUCCESS\" > \"${SCRIPT_OUTPUT_FILE_0}\"\n";
			showEnvVarsInLog = 0;
		};
/* End PBXShellScriptBuildPhase section */

/* Begin PBXSourcesBuildPhase section */
		B1F8AAE62BE249460022741A /* Sources */ = {
			isa = PBXSourcesBuildPhase;
			buildActionMask = 2147483647;
			files = (
				B106B9962BE50BFA002E606F /* TopLables.swift in Sources */,
				B1DB1A832BE81CD20071FA5C /* CustomColors.swift in Sources */,
				B106B9942BE501FD002E606F /* TopView.swift in Sources */,
				B1EB24B22BE67F0200DCF22A /* GradientView.swift in Sources */,
				B106B9992BE51CC7002E606F /* CollectionCell.swift in Sources */,
				B183C7D12BE2D3070027A126 /* FrameFourVC.swift in Sources */,
				B1DECEDE2BE61B5900A81C03 /* CardView.swift in Sources */,
				B183C7CF2BE2A92C0027A126 /* LoadingIndicator.swift in Sources */,
				B1F8AAF22BE249460022741A /* ViewController.swift in Sources */,
				B11B58442BE7F37C00EC7272 /* SwitchView.swift in Sources */,
				B106B98F2BE4FFCB002E606F /* EnumColorScheme.swift in Sources */,
				B1F8AAEE2BE249460022741A /* AppDelegate.swift in Sources */,
				B1F8AAF02BE249460022741A /* SceneDelegate.swift in Sources */,
			);
			runOnlyForDeploymentPostprocessing = 0;
		};
/* End PBXSourcesBuildPhase section */

/* Begin PBXVariantGroup section */
		B1F8AAF32BE249460022741A /* Main.storyboard */ = {
			isa = PBXVariantGroup;
			children = (
				B1F8AAF42BE249460022741A /* Base */,
			);
			name = Main.storyboard;
			sourceTree = "<group>";
		};
		B1F8AAF82BE249480022741A /* LaunchScreen.storyboard */ = {
			isa = PBXVariantGroup;
			children = (
				B1F8AAF92BE249480022741A /* Base */,
			);
			name = LaunchScreen.storyboard;
			sourceTree = "<group>";
		};
/* End PBXVariantGroup section */

/* Begin XCBuildConfiguration section */
		B1F8AAFC2BE249480022741A /* Debug */ = {
			isa = XCBuildConfiguration;
			buildSettings = {
				ALWAYS_SEARCH_USER_PATHS = NO;
				CLANG_ANALYZER_NONNULL = YES;
				CLANG_ANALYZER_NUMBER_OBJECT_CONVERSION = YES_AGGRESSIVE;
				CLANG_CXX_LANGUAGE_STANDARD = "gnu++20";
				CLANG_ENABLE_MODULES = YES;
				CLANG_ENABLE_OBJC_ARC = YES;
				CLANG_ENABLE_OBJC_WEAK = YES;
				CLANG_WARN_BLOCK_CAPTURE_AUTORELEASING = YES;
				CLANG_WARN_BOOL_CONVERSION = YES;
				CLANG_WARN_COMMA = YES;
				CLANG_WARN_CONSTANT_CONVERSION = YES;
				CLANG_WARN_DEPRECATED_OBJC_IMPLEMENTATIONS = YES;
				CLANG_WARN_DIRECT_OBJC_ISA_USAGE = YES_ERROR;
				CLANG_WARN_DOCUMENTATION_COMMENTS = YES;
				CLANG_WARN_EMPTY_BODY = YES;
				CLANG_WARN_ENUM_CONVERSION = YES;
				CLANG_WARN_INFINITE_RECURSION = YES;
				CLANG_WARN_INT_CONVERSION = YES;
				CLANG_WARN_NON_LITERAL_NULL_CONVERSION = YES;
				CLANG_WARN_OBJC_IMPLICIT_RETAIN_SELF = YES;
				CLANG_WARN_OBJC_LITERAL_CONVERSION = YES;
				CLANG_WARN_OBJC_ROOT_CLASS = YES_ERROR;
				CLANG_WARN_QUOTED_INCLUDE_IN_FRAMEWORK_HEADER = YES;
				CLANG_WARN_RANGE_LOOP_ANALYSIS = YES;
				CLANG_WARN_STRICT_PROTOTYPES = YES;
				CLANG_WARN_SUSPICIOUS_MOVE = YES;
				CLANG_WARN_UNGUARDED_AVAILABILITY = YES_AGGRESSIVE;
				CLANG_WARN_UNREACHABLE_CODE = YES;
				CLANG_WARN__DUPLICATE_METHOD_MATCH = YES;
				COPY_PHASE_STRIP = NO;
				DEBUG_INFORMATION_FORMAT = dwarf;
				ENABLE_STRICT_OBJC_MSGSEND = YES;
				ENABLE_TESTABILITY = YES;
				GCC_C_LANGUAGE_STANDARD = gnu11;
				GCC_DYNAMIC_NO_PIC = NO;
				GCC_NO_COMMON_BLOCKS = YES;
				GCC_OPTIMIZATION_LEVEL = 0;
				GCC_PREPROCESSOR_DEFINITIONS = (
					"DEBUG=1",
					"$(inherited)",
				);
				GCC_WARN_64_TO_32_BIT_CONVERSION = YES;
				GCC_WARN_ABOUT_RETURN_TYPE = YES_ERROR;
				GCC_WARN_UNDECLARED_SELECTOR = YES;
				GCC_WARN_UNINITIALIZED_AUTOS = YES_AGGRESSIVE;
				GCC_WARN_UNUSED_FUNCTION = YES;
				GCC_WARN_UNUSED_VARIABLE = YES;
				IPHONEOS_DEPLOYMENT_TARGET = 16.4;
				MTL_ENABLE_DEBUG_INFO = INCLUDE_SOURCE;
				MTL_FAST_MATH = YES;
				ONLY_ACTIVE_ARCH = YES;
				SDKROOT = iphoneos;
				SWIFT_ACTIVE_COMPILATION_CONDITIONS = DEBUG;
				SWIFT_OPTIMIZATION_LEVEL = "-Onone";
			};
			name = Debug;
		};
		B1F8AAFD2BE249480022741A /* Release */ = {
			isa = XCBuildConfiguration;
			buildSettings = {
				ALWAYS_SEARCH_USER_PATHS = NO;
				CLANG_ANALYZER_NONNULL = YES;
				CLANG_ANALYZER_NUMBER_OBJECT_CONVERSION = YES_AGGRESSIVE;
				CLANG_CXX_LANGUAGE_STANDARD = "gnu++20";
				CLANG_ENABLE_MODULES = YES;
				CLANG_ENABLE_OBJC_ARC = YES;
				CLANG_ENABLE_OBJC_WEAK = YES;
				CLANG_WARN_BLOCK_CAPTURE_AUTORELEASING = YES;
				CLANG_WARN_BOOL_CONVERSION = YES;
				CLANG_WARN_COMMA = YES;
				CLANG_WARN_CONSTANT_CONVERSION = YES;
				CLANG_WARN_DEPRECATED_OBJC_IMPLEMENTATIONS = YES;
				CLANG_WARN_DIRECT_OBJC_ISA_USAGE = YES_ERROR;
				CLANG_WARN_DOCUMENTATION_COMMENTS = YES;
				CLANG_WARN_EMPTY_BODY = YES;
				CLANG_WARN_ENUM_CONVERSION = YES;
				CLANG_WARN_INFINITE_RECURSION = YES;
				CLANG_WARN_INT_CONVERSION = YES;
				CLANG_WARN_NON_LITERAL_NULL_CONVERSION = YES;
				CLANG_WARN_OBJC_IMPLICIT_RETAIN_SELF = YES;
				CLANG_WARN_OBJC_LITERAL_CONVERSION = YES;
				CLANG_WARN_OBJC_ROOT_CLASS = YES_ERROR;
				CLANG_WARN_QUOTED_INCLUDE_IN_FRAMEWORK_HEADER = YES;
				CLANG_WARN_RANGE_LOOP_ANALYSIS = YES;
				CLANG_WARN_STRICT_PROTOTYPES = YES;
				CLANG_WARN_SUSPICIOUS_MOVE = YES;
				CLANG_WARN_UNGUARDED_AVAILABILITY = YES_AGGRESSIVE;
				CLANG_WARN_UNREACHABLE_CODE = YES;
				CLANG_WARN__DUPLICATE_METHOD_MATCH = YES;
				COPY_PHASE_STRIP = NO;
				DEBUG_INFORMATION_FORMAT = "dwarf-with-dsym";
				ENABLE_NS_ASSERTIONS = NO;
				ENABLE_STRICT_OBJC_MSGSEND = YES;
				GCC_C_LANGUAGE_STANDARD = gnu11;
				GCC_NO_COMMON_BLOCKS = YES;
				GCC_WARN_64_TO_32_BIT_CONVERSION = YES;
				GCC_WARN_ABOUT_RETURN_TYPE = YES_ERROR;
				GCC_WARN_UNDECLARED_SELECTOR = YES;
				GCC_WARN_UNINITIALIZED_AUTOS = YES_AGGRESSIVE;
				GCC_WARN_UNUSED_FUNCTION = YES;
				GCC_WARN_UNUSED_VARIABLE = YES;
				IPHONEOS_DEPLOYMENT_TARGET = 16.4;
				MTL_ENABLE_DEBUG_INFO = NO;
				MTL_FAST_MATH = YES;
				SDKROOT = iphoneos;
				SWIFT_COMPILATION_MODE = wholemodule;
				SWIFT_OPTIMIZATION_LEVEL = "-O";
				VALIDATE_PRODUCT = YES;
			};
			name = Release;
		};
		B1F8AAFF2BE249480022741A /* Debug */ = {
			isa = XCBuildConfiguration;
			baseConfigurationReference = 70E6818D5867110FAC97691A /* Pods-VirtualPaymentService.debug.xcconfig */;
			buildSettings = {
				ASSETCATALOG_COMPILER_APPICON_NAME = AppIcon;
				ASSETCATALOG_COMPILER_GLOBAL_ACCENT_COLOR_NAME = AccentColor;
				CODE_SIGN_STYLE = Automatic;
				CURRENT_PROJECT_VERSION = 1;
				DEVELOPMENT_TEAM = NNAVZ78L4N;
				GENERATE_INFOPLIST_FILE = YES;
				INFOPLIST_FILE = VirtualPaymentService/Info.plist;
				INFOPLIST_KEY_UIApplicationSupportsIndirectInputEvents = YES;
				INFOPLIST_KEY_UILaunchStoryboardName = LaunchScreen;
				INFOPLIST_KEY_UIMainStoryboardFile = Main;
				INFOPLIST_KEY_UIRequiresFullScreen = YES;
				INFOPLIST_KEY_UIStatusBarStyle = "";
				INFOPLIST_KEY_UISupportedInterfaceOrientations = UIInterfaceOrientationPortrait;
				LD_RUNPATH_SEARCH_PATHS = (
					"$(inherited)",
					"@executable_path/Frameworks",
				);
				MARKETING_VERSION = 1.0;
				PRODUCT_BUNDLE_IDENTIFIER = vs.VirtualPaymentService;
				PRODUCT_NAME = "$(TARGET_NAME)";
				SWIFT_EMIT_LOC_STRINGS = YES;
				SWIFT_VERSION = 5.0;
				TARGETED_DEVICE_FAMILY = "1,2";
			};
			name = Debug;
		};
		B1F8AB002BE249480022741A /* Release */ = {
			isa = XCBuildConfiguration;
			baseConfigurationReference = 7851FCF172775F1B04B7E7E8 /* Pods-VirtualPaymentService.release.xcconfig */;
			buildSettings = {
				ASSETCATALOG_COMPILER_APPICON_NAME = AppIcon;
				ASSETCATALOG_COMPILER_GLOBAL_ACCENT_COLOR_NAME = AccentColor;
				CODE_SIGN_STYLE = Automatic;
				CURRENT_PROJECT_VERSION = 1;
				DEVELOPMENT_TEAM = NNAVZ78L4N;
				GENERATE_INFOPLIST_FILE = YES;
				INFOPLIST_FILE = VirtualPaymentService/Info.plist;
				INFOPLIST_KEY_UIApplicationSupportsIndirectInputEvents = YES;
				INFOPLIST_KEY_UILaunchStoryboardName = LaunchScreen;
				INFOPLIST_KEY_UIMainStoryboardFile = Main;
				INFOPLIST_KEY_UIRequiresFullScreen = YES;
				INFOPLIST_KEY_UIStatusBarStyle = "";
				INFOPLIST_KEY_UISupportedInterfaceOrientations = UIInterfaceOrientationPortrait;
				LD_RUNPATH_SEARCH_PATHS = (
					"$(inherited)",
					"@executable_path/Frameworks",
				);
				MARKETING_VERSION = 1.0;
				PRODUCT_BUNDLE_IDENTIFIER = vs.VirtualPaymentService;
				PRODUCT_NAME = "$(TARGET_NAME)";
				SWIFT_EMIT_LOC_STRINGS = YES;
				SWIFT_VERSION = 5.0;
				TARGETED_DEVICE_FAMILY = "1,2";
			};
			name = Release;
		};
/* End XCBuildConfiguration section */

/* Begin XCConfigurationList section */
		B1F8AAE52BE249460022741A /* Build configuration list for PBXProject "VirtualPaymentService" */ = {
			isa = XCConfigurationList;
			buildConfigurations = (
				B1F8AAFC2BE249480022741A /* Debug */,
				B1F8AAFD2BE249480022741A /* Release */,
			);
			defaultConfigurationIsVisible = 0;
			defaultConfigurationName = Release;
		};
		B1F8AAFE2BE249480022741A /* Build configuration list for PBXNativeTarget "VirtualPaymentService" */ = {
			isa = XCConfigurationList;
			buildConfigurations = (
				B1F8AAFF2BE249480022741A /* Debug */,
				B1F8AB002BE249480022741A /* Release */,
			);
			defaultConfigurationIsVisible = 0;
			defaultConfigurationName = Release;
		};
/* End XCConfigurationList section */
	};
	rootObject = B1F8AAE22BE249460022741A /* Project object */;
}
